
Microsoft Visual Studio Solution File, Format Version 12.00
# Visual Studio 14
VisualStudioVersion = 14.0.25123.0
MinimumVisualStudioVersion = 10.0.40219.1
Project("{FAE04EC0-301F-11D3-BF4B-00C04F79EFBC}") = "LTT.Droid", "LTT\LTT.Droid\LTT.Droid.csproj", "{3DEB173D-30FB-49EC-8772-0DDC700627CD}"
EndProject
Project("{FAE04EC0-301F-11D3-BF4B-00C04F79EFBC}") = "LTT.iOS", "LTT\LTT.iOS\LTT.iOS.csproj", "{918387CB-D1D6-46F3-A308-5AB2A099CA00}"
EndProject
Project("{FAE04EC0-301F-11D3-BF4B-00C04F79EFBC}") = "LTT.WinPhone", "LTT\LTT.WinPhone\LTT.WinPhone.csproj", "{F3DE2A87-51D9-47BB-A1C0-D27C781D00A0}"
EndProject
Project("{FAE04EC0-301F-11D3-BF4B-00C04F79EFBC}") = "LTT.UWP", "LTT\LTT.UWP\LTT.UWP.csproj", "{52C3B22C-9170-498F-A52A-843F704131A6}"
EndProject
Project("{FAE04EC0-301F-11D3-BF4B-00C04F79EFBC}") = "LTT.Windows", "LTT\LTT.Windows\LTT.Windows.csproj", "{8C9771F2-D575-4B37-BCF3-77B686B0EEE5}"
EndProject
Project("{D954291E-2A0B-460D-934E-DC6B0785DB48}") = "LTT", "LTT\LTT\LTT.shproj", "{E2067F25-B170-4BC9-9D89-EEAEFFAC316B}"
EndProject
Global
	GlobalSection(SharedMSBuildProjectFiles) = preSolution
		LTT\LTT\LTT.projitems*{e2067f25-b170-4bc9-9d89-eeaeffac316b}*SharedItemsImports = 13
		LTT\LTT\LTT.projitems*{3deb173d-30fb-49ec-8772-0ddc700627cd}*SharedItemsImports = 4
		LTT\LTT\LTT.projitems*{f3de2a87-51d9-47bb-a1c0-d27c781d00a0}*SharedItemsImports = 4
	EndGlobalSection
	GlobalSection(SolutionConfigurationPlatforms) = preSolution
		Ad-Hoc|Any CPU = Ad-Hoc|Any CPU
		Ad-Hoc|ARM = Ad-Hoc|ARM
		Ad-Hoc|iPhone = Ad-Hoc|iPhone
		Ad-Hoc|iPhoneSimulator = Ad-Hoc|iPhoneSimulator
		Ad-Hoc|x64 = Ad-Hoc|x64
		Ad-Hoc|x86 = Ad-Hoc|x86
		AppStore|Any CPU = AppStore|Any CPU
		AppStore|ARM = AppStore|ARM
		AppStore|iPhone = AppStore|iPhone
		AppStore|iPhoneSimulator = AppStore|iPhoneSimulator
		AppStore|x64 = AppStore|x64
		AppStore|x86 = AppStore|x86
		Debug|Any CPU = Debug|Any CPU
		Debug|ARM = Debug|ARM
		Debug|iPhone = Debug|iPhone
		Debug|iPhoneSimulator = Debug|iPhoneSimulator
		Debug|x64 = Debug|x64
		Debug|x86 = Debug|x86
		Release|Any CPU = Release|Any CPU
		Release|ARM = Release|ARM
		Release|iPhone = Release|iPhone
		Release|iPhoneSimulator = Release|iPhoneSimulator
		Release|x64 = Release|x64
		Release|x86 = Release|x86
	EndGlobalSection
	GlobalSection(ProjectConfigurationPlatforms) = postSolution
		{3DEB173D-30FB-49EC-8772-0DDC700627CD}.Ad-Hoc|Any CPU.ActiveCfg = Release|Any CPU
		{3DEB173D-30FB-49EC-8772-0DDC700627CD}.Ad-Hoc|Any CPU.Build.0 = Release|Any CPU
		{3DEB173D-30FB-49EC-8772-0DDC700627CD}.Ad-Hoc|Any CPU.Deploy.0 = Release|Any CPU
		{3DEB173D-30FB-49EC-8772-0DDC700627CD}.Ad-Hoc|ARM.ActiveCfg = Release|Any CPU
		{3DEB173D-30FB-49EC-8772-0DDC700627CD}.Ad-Hoc|ARM.Build.0 = Release|Any CPU
		{3DEB173D-30FB-49EC-8772-0DDC700627CD}.Ad-Hoc|ARM.Deploy.0 = Release|Any CPU
		{3DEB173D-30FB-49EC-8772-0DDC700627CD}.Ad-Hoc|iPhone.ActiveCfg = Release|Any CPU
		{3DEB173D-30FB-49EC-8772-0DDC700627CD}.Ad-Hoc|iPhone.Build.0 = Release|Any CPU
		{3DEB173D-30FB-49EC-8772-0DDC700627CD}.Ad-Hoc|iPhone.Deploy.0 = Release|Any CPU
		{3DEB173D-30FB-49EC-8772-0DDC700627CD}.Ad-Hoc|iPhoneSimulator.ActiveCfg = Release|Any CPU
		{3DEB173D-30FB-49EC-8772-0DDC700627CD}.Ad-Hoc|iPhoneSimulator.Build.0 = Release|Any CPU
		{3DEB173D-30FB-49EC-8772-0DDC700627CD}.Ad-Hoc|iPhoneSimulator.Deploy.0 = Release|Any CPU
		{3DEB173D-30FB-49EC-8772-0DDC700627CD}.Ad-Hoc|x64.ActiveCfg = Release|Any CPU
		{3DEB173D-30FB-49EC-8772-0DDC700627CD}.Ad-Hoc|x64.Build.0 = Release|Any CPU
		{3DEB173D-30FB-49EC-8772-0DDC700627CD}.Ad-Hoc|x64.Deploy.0 = Release|Any CPU
		{3DEB173D-30FB-49EC-8772-0DDC700627CD}.Ad-Hoc|x86.ActiveCfg = Release|Any CPU
		{3DEB173D-30FB-49EC-8772-0DDC700627CD}.Ad-Hoc|x86.Build.0 = Release|Any CPU
		{3DEB173D-30FB-49EC-8772-0DDC700627CD}.Ad-Hoc|x86.Deploy.0 = Release|Any CPU
		{3DEB173D-30FB-49EC-8772-0DDC700627CD}.AppStore|Any CPU.ActiveCfg = Release|Any CPU
		{3DEB173D-30FB-49EC-8772-0DDC700627CD}.AppStore|Any CPU.Build.0 = Release|Any CPU
		{3DEB173D-30FB-49EC-8772-0DDC700627CD}.AppStore|Any CPU.Deploy.0 = Release|Any CPU
		{3DEB173D-30FB-49EC-8772-0DDC700627CD}.AppStore|ARM.ActiveCfg = Release|Any CPU
		{3DEB173D-30FB-49EC-8772-0DDC700627CD}.AppStore|ARM.Build.0 = Release|Any CPU
		{3DEB173D-30FB-49EC-8772-0DDC700627CD}.AppStore|ARM.Deploy.0 = Release|Any CPU
		{3DEB173D-30FB-49EC-8772-0DDC700627CD}.AppStore|iPhone.ActiveCfg = Release|Any CPU
		{3DEB173D-30FB-49EC-8772-0DDC700627CD}.AppStore|iPhone.Build.0 = Release|Any CPU
		{3DEB173D-30FB-49EC-8772-0DDC700627CD}.AppStore|iPhone.Deploy.0 = Release|Any CPU
		{3DEB173D-30FB-49EC-8772-0DDC700627CD}.AppStore|iPhoneSimulator.ActiveCfg = Release|Any CPU
		{3DEB173D-30FB-49EC-8772-0DDC700627CD}.AppStore|iPhoneSimulator.Build.0 = Release|Any CPU
		{3DEB173D-30FB-49EC-8772-0DDC700627CD}.AppStore|iPhoneSimulator.Deploy.0 = Release|Any CPU
		{3DEB173D-30FB-49EC-8772-0DDC700627CD}.AppStore|x64.ActiveCfg = Release|Any CPU
		{3DEB173D-30FB-49EC-8772-0DDC700627CD}.AppStore|x64.Build.0 = Release|Any CPU
		{3DEB173D-30FB-49EC-8772-0DDC700627CD}.AppStore|x64.Deploy.0 = Release|Any CPU
		{3DEB173D-30FB-49EC-8772-0DDC700627CD}.AppStore|x86.ActiveCfg = Release|Any CPU
		{3DEB173D-30FB-49EC-8772-0DDC700627CD}.AppStore|x86.Build.0 = Release|Any CPU
		{3DEB173D-30FB-49EC-8772-0DDC700627CD}.AppStore|x86.Deploy.0 = Release|Any CPU
		{3DEB173D-30FB-49EC-8772-0DDC700627CD}.Debug|Any CPU.ActiveCfg = Debug|Any CPU
		{3DEB173D-30FB-49EC-8772-0DDC700627CD}.Debug|Any CPU.Build.0 = Debug|Any CPU
		{3DEB173D-30FB-49EC-8772-0DDC700627CD}.Debug|Any CPU.Deploy.0 = Debug|Any CPU
		{3DEB173D-30FB-49EC-8772-0DDC700627CD}.Debug|ARM.ActiveCfg = Debug|Any CPU
		{3DEB173D-30FB-49EC-8772-0DDC700627CD}.Debug|ARM.Build.0 = Debug|Any CPU
		{3DEB173D-30FB-49EC-8772-0DDC700627CD}.Debug|ARM.Deploy.0 = Debug|Any CPU
		{3DEB173D-30FB-49EC-8772-0DDC700627CD}.Debug|iPhone.ActiveCfg = Debug|Any CPU
		{3DEB173D-30FB-49EC-8772-0DDC700627CD}.Debug|iPhone.Build.0 = Debug|Any CPU
		{3DEB173D-30FB-49EC-8772-0DDC700627CD}.Debug|iPhone.Deploy.0 = Debug|Any CPU
		{3DEB173D-30FB-49EC-8772-0DDC700627CD}.Debug|iPhoneSimulator.ActiveCfg = Debug|Any CPU
		{3DEB173D-30FB-49EC-8772-0DDC700627CD}.Debug|iPhoneSimulator.Build.0 = Debug|Any CPU
		{3DEB173D-30FB-49EC-8772-0DDC700627CD}.Debug|iPhoneSimulator.Deploy.0 = Debug|Any CPU
		{3DEB173D-30FB-49EC-8772-0DDC700627CD}.Debug|x64.ActiveCfg = Debug|Any CPU
		{3DEB173D-30FB-49EC-8772-0DDC700627CD}.Debug|x64.Build.0 = Debug|Any CPU
		{3DEB173D-30FB-49EC-8772-0DDC700627CD}.Debug|x64.Deploy.0 = Debug|Any CPU
		{3DEB173D-30FB-49EC-8772-0DDC700627CD}.Debug|x86.ActiveCfg = Debug|Any CPU
		{3DEB173D-30FB-49EC-8772-0DDC700627CD}.Debug|x86.Build.0 = Debug|Any CPU
		{3DEB173D-30FB-49EC-8772-0DDC700627CD}.Debug|x86.Deploy.0 = Debug|Any CPU
		{3DEB173D-30FB-49EC-8772-0DDC700627CD}.Release|Any CPU.ActiveCfg = Release|Any CPU
		{3DEB173D-30FB-49EC-8772-0DDC700627CD}.Release|Any CPU.Build.0 = Release|Any CPU
		{3DEB173D-30FB-49EC-8772-0DDC700627CD}.Release|Any CPU.Deploy.0 = Release|Any CPU
		{3DEB173D-30FB-49EC-8772-0DDC700627CD}.Release|ARM.ActiveCfg = Release|Any CPU
		{3DEB173D-30FB-49EC-8772-0DDC700627CD}.Release|ARM.Build.0 = Release|Any CPU
		{3DEB173D-30FB-49EC-8772-0DDC700627CD}.Release|ARM.Deploy.0 = Release|Any CPU
		{3DEB173D-30FB-49EC-8772-0DDC700627CD}.Release|iPhone.ActiveCfg = Release|Any CPU
		{3DEB173D-30FB-49EC-8772-0DDC700627CD}.Release|iPhone.Build.0 = Release|Any CPU
		{3DEB173D-30FB-49EC-8772-0DDC700627CD}.Release|iPhone.Deploy.0 = Release|Any CPU
		{3DEB173D-30FB-49EC-8772-0DDC700627CD}.Release|iPhoneSimulator.ActiveCfg = Release|Any CPU
		{3DEB173D-30FB-49EC-8772-0DDC700627CD}.Release|iPhoneSimulator.Build.0 = Release|Any CPU
		{3DEB173D-30FB-49EC-8772-0DDC700627CD}.Release|iPhoneSimulator.Deploy.0 = Release|Any CPU
		{3DEB173D-30FB-49EC-8772-0DDC700627CD}.Release|x64.ActiveCfg = Release|Any CPU
		{3DEB173D-30FB-49EC-8772-0DDC700627CD}.Release|x64.Build.0 = Release|Any CPU
		{3DEB173D-30FB-49EC-8772-0DDC700627CD}.Release|x64.Deploy.0 = Release|Any CPU
		{3DEB173D-30FB-49EC-8772-0DDC700627CD}.Release|x86.ActiveCfg = Release|Any CPU
		{3DEB173D-30FB-49EC-8772-0DDC700627CD}.Release|x86.Build.0 = Release|Any CPU
		{3DEB173D-30FB-49EC-8772-0DDC700627CD}.Release|x86.Deploy.0 = Release|Any CPU
		{918387CB-D1D6-46F3-A308-5AB2A099CA00}.Ad-Hoc|Any CPU.ActiveCfg = Ad-Hoc|iPhone
		{918387CB-D1D6-46F3-A308-5AB2A099CA00}.Ad-Hoc|ARM.ActiveCfg = Ad-Hoc|iPhone
		{918387CB-D1D6-46F3-A308-5AB2A099CA00}.Ad-Hoc|iPhone.ActiveCfg = Ad-Hoc|iPhone
		{918387CB-D1D6-46F3-A308-5AB2A099CA00}.Ad-Hoc|iPhone.Build.0 = Ad-Hoc|iPhone
		{918387CB-D1D6-46F3-A308-5AB2A099CA00}.Ad-Hoc|iPhoneSimulator.ActiveCfg = Ad-Hoc|iPhoneSimulator
		{918387CB-D1D6-46F3-A308-5AB2A099CA00}.Ad-Hoc|iPhoneSimulator.Build.0 = Ad-Hoc|iPhoneSimulator
		{918387CB-D1D6-46F3-A308-5AB2A099CA00}.Ad-Hoc|x64.ActiveCfg = Ad-Hoc|iPhone
		{918387CB-D1D6-46F3-A308-5AB2A099CA00}.Ad-Hoc|x86.ActiveCfg = Ad-Hoc|iPhone
		{918387CB-D1D6-46F3-A308-5AB2A099CA00}.AppStore|Any CPU.ActiveCfg = AppStore|iPhone
		{918387CB-D1D6-46F3-A308-5AB2A099CA00}.AppStore|ARM.ActiveCfg = AppStore|iPhone
		{918387CB-D1D6-46F3-A308-5AB2A099CA00}.AppStore|iPhone.ActiveCfg = AppStore|iPhone
		{918387CB-D1D6-46F3-A308-5AB2A099CA00}.AppStore|iPhone.Build.0 = AppStore|iPhone
		{918387CB-D1D6-46F3-A308-5AB2A099CA00}.AppStore|iPhoneSimulator.ActiveCfg = AppStore|iPhoneSimulator
		{918387CB-D1D6-46F3-A308-5AB2A099CA00}.AppStore|iPhoneSimulator.Build.0 = AppStore|iPhoneSimulator
		{918387CB-D1D6-46F3-A308-5AB2A099CA00}.AppStore|x64.ActiveCfg = AppStore|iPhone
		{918387CB-D1D6-46F3-A308-5AB2A099CA00}.AppStore|x86.ActiveCfg = AppStore|iPhone
		{918387CB-D1D6-46F3-A308-5AB2A099CA00}.Debug|Any CPU.ActiveCfg = Debug|iPhone
		{918387CB-D1D6-46F3-A308-5AB2A099CA00}.Debug|ARM.ActiveCfg = Debug|iPhone
		{918387CB-D1D6-46F3-A308-5AB2A099CA00}.Debug|iPhone.ActiveCfg = Debug|iPhone
		{918387CB-D1D6-46F3-A308-5AB2A099CA00}.Debug|iPhone.Build.0 = Debug|iPhone
		{918387CB-D1D6-46F3-A308-5AB2A099CA00}.Debug|iPhoneSimulator.ActiveCfg = Debug|iPhoneSimulator
		{918387CB-D1D6-46F3-A308-5AB2A099CA00}.Debug|iPhoneSimulator.Build.0 = Debug|iPhoneSimulator
		{918387CB-D1D6-46F3-A308-5AB2A099CA00}.Debug|x64.ActiveCfg = Debug|iPhone
		{918387CB-D1D6-46F3-A308-5AB2A099CA00}.Debug|x86.ActiveCfg = Debug|iPhone
		{918387CB-D1D6-46F3-A308-5AB2A099CA00}.Release|Any CPU.ActiveCfg = Release|iPhone
		{918387CB-D1D6-46F3-A308-5AB2A099CA00}.Release|ARM.ActiveCfg = Release|iPhone
		{918387CB-D1D6-46F3-A308-5AB2A099CA00}.Release|iPhone.ActiveCfg = Release|iPhone
		{918387CB-D1D6-46F3-A308-5AB2A099CA00}.Release|iPhone.Build.0 = Release|iPhone
		{918387CB-D1D6-46F3-A308-5AB2A099CA00}.Release|iPhoneSimulator.ActiveCfg = Release|iPhoneSimulator
		{918387CB-D1D6-46F3-A308-5AB2A099CA00}.Release|iPhoneSimulator.Build.0 = Release|iPhoneSimulator
		{918387CB-D1D6-46F3-A308-5AB2A099CA00}.Release|x64.ActiveCfg = Release|iPhone
		{918387CB-D1D6-46F3-A308-5AB2A099CA00}.Release|x86.ActiveCfg = Release|iPhone
		{F3DE2A87-51D9-47BB-A1C0-D27C781D00A0}.Ad-Hoc|Any CPU.ActiveCfg = Release|Any CPU
		{F3DE2A87-51D9-47BB-A1C0-D27C781D00A0}.Ad-Hoc|Any CPU.Build.0 = Release|Any CPU
		{F3DE2A87-51D9-47BB-A1C0-D27C781D00A0}.Ad-Hoc|Any CPU.Deploy.0 = Release|Any CPU
		{F3DE2A87-51D9-47BB-A1C0-D27C781D00A0}.Ad-Hoc|ARM.ActiveCfg = Release|ARM
		{F3DE2A87-51D9-47BB-A1C0-D27C781D00A0}.Ad-Hoc|ARM.Build.0 = Release|ARM
		{F3DE2A87-51D9-47BB-A1C0-D27C781D00A0}.Ad-Hoc|ARM.Deploy.0 = Release|ARM
		{F3DE2A87-51D9-47BB-A1C0-D27C781D00A0}.Ad-Hoc|iPhone.ActiveCfg = Release|Any CPU
		{F3DE2A87-51D9-47BB-A1C0-D27C781D00A0}.Ad-Hoc|iPhone.Build.0 = Release|Any CPU
		{F3DE2A87-51D9-47BB-A1C0-D27C781D00A0}.Ad-Hoc|iPhone.Deploy.0 = Release|Any CPU
		{F3DE2A87-51D9-47BB-A1C0-D27C781D00A0}.Ad-Hoc|iPhoneSimulator.ActiveCfg = Release|Any CPU
		{F3DE2A87-51D9-47BB-A1C0-D27C781D00A0}.Ad-Hoc|iPhoneSimulator.Build.0 = Release|Any CPU
		{F3DE2A87-51D9-47BB-A1C0-D27C781D00A0}.Ad-Hoc|iPhoneSimulator.Deploy.0 = Release|Any CPU
		{F3DE2A87-51D9-47BB-A1C0-D27C781D00A0}.Ad-Hoc|x64.ActiveCfg = Release|Any CPU
		{F3DE2A87-51D9-47BB-A1C0-D27C781D00A0}.Ad-Hoc|x64.Build.0 = Release|Any CPU
		{F3DE2A87-51D9-47BB-A1C0-D27C781D00A0}.Ad-Hoc|x64.Deploy.0 = Release|Any CPU
		{F3DE2A87-51D9-47BB-A1C0-D27C781D00A0}.Ad-Hoc|x86.ActiveCfg = Release|x86
		{F3DE2A87-51D9-47BB-A1C0-D27C781D00A0}.Ad-Hoc|x86.Build.0 = Release|x86
		{F3DE2A87-51D9-47BB-A1C0-D27C781D00A0}.Ad-Hoc|x86.Deploy.0 = Release|x86
		{F3DE2A87-51D9-47BB-A1C0-D27C781D00A0}.AppStore|Any CPU.ActiveCfg = Release|Any CPU
		{F3DE2A87-51D9-47BB-A1C0-D27C781D00A0}.AppStore|Any CPU.Build.0 = Release|Any CPU
		{F3DE2A87-51D9-47BB-A1C0-D27C781D00A0}.AppStore|Any CPU.Deploy.0 = Release|Any CPU
		{F3DE2A87-51D9-47BB-A1C0-D27C781D00A0}.AppStore|ARM.ActiveCfg = Release|ARM
		{F3DE2A87-51D9-47BB-A1C0-D27C781D00A0}.AppStore|ARM.Build.0 = Release|ARM
		{F3DE2A87-51D9-47BB-A1C0-D27C781D00A0}.AppStore|ARM.Deploy.0 = Release|ARM
		{F3DE2A87-51D9-47BB-A1C0-D27C781D00A0}.AppStore|iPhone.ActiveCfg = Release|Any CPU
		{F3DE2A87-51D9-47BB-A1C0-D27C781D00A0}.AppStore|iPhone.Build.0 = Release|Any CPU
		{F3DE2A87-51D9-47BB-A1C0-D27C781D00A0}.AppStore|iPhone.Deploy.0 = Release|Any CPU
		{F3DE2A87-51D9-47BB-A1C0-D27C781D00A0}.AppStore|iPhoneSimulator.ActiveCfg = Release|Any CPU
		{F3DE2A87-51D9-47BB-A1C0-D27C781D00A0}.AppStore|iPhoneSimulator.Build.0 = Release|Any CPU
		{F3DE2A87-51D9-47BB-A1C0-D27C781D00A0}.AppStore|iPhoneSimulator.Deploy.0 = Release|Any CPU
		{F3DE2A87-51D9-47BB-A1C0-D27C781D00A0}.AppStore|x64.ActiveCfg = Release|Any CPU
		{F3DE2A87-51D9-47BB-A1C0-D27C781D00A0}.AppStore|x64.Build.0 = Release|Any CPU
		{F3DE2A87-51D9-47BB-A1C0-D27C781D00A0}.AppStore|x64.Deploy.0 = Release|Any CPU
		{F3DE2A87-51D9-47BB-A1C0-D27C781D00A0}.AppStore|x86.ActiveCfg = Release|x86
		{F3DE2A87-51D9-47BB-A1C0-D27C781D00A0}.AppStore|x86.Build.0 = Release|x86
		{F3DE2A87-51D9-47BB-A1C0-D27C781D00A0}.AppStore|x86.Deploy.0 = Release|x86
		{F3DE2A87-51D9-47BB-A1C0-D27C781D00A0}.Debug|Any CPU.ActiveCfg = Debug|Any CPU
		{F3DE2A87-51D9-47BB-A1C0-D27C781D00A0}.Debug|Any CPU.Build.0 = Debug|Any CPU
		{F3DE2A87-51D9-47BB-A1C0-D27C781D00A0}.Debug|Any CPU.Deploy.0 = Debug|Any CPU
		{F3DE2A87-51D9-47BB-A1C0-D27C781D00A0}.Debug|ARM.ActiveCfg = Debug|ARM
		{F3DE2A87-51D9-47BB-A1C0-D27C781D00A0}.Debug|ARM.Build.0 = Debug|ARM
		{F3DE2A87-51D9-47BB-A1C0-D27C781D00A0}.Debug|ARM.Deploy.0 = Debug|ARM
		{F3DE2A87-51D9-47BB-A1C0-D27C781D00A0}.Debug|iPhone.ActiveCfg = Debug|Any CPU
		{F3DE2A87-51D9-47BB-A1C0-D27C781D00A0}.Debug|iPhone.Build.0 = Debug|Any CPU
		{F3DE2A87-51D9-47BB-A1C0-D27C781D00A0}.Debug|iPhone.Deploy.0 = Debug|Any CPU
		{F3DE2A87-51D9-47BB-A1C0-D27C781D00A0}.Debug|iPhoneSimulator.ActiveCfg = Debug|Any CPU
		{F3DE2A87-51D9-47BB-A1C0-D27C781D00A0}.Debug|iPhoneSimulator.Build.0 = Debug|Any CPU
		{F3DE2A87-51D9-47BB-A1C0-D27C781D00A0}.Debug|iPhoneSimulator.Deploy.0 = Debug|Any CPU
		{F3DE2A87-51D9-47BB-A1C0-D27C781D00A0}.Debug|x64.ActiveCfg = Debug|Any CPU
		{F3DE2A87-51D9-47BB-A1C0-D27C781D00A0}.Debug|x64.Build.0 = Debug|Any CPU
		{F3DE2A87-51D9-47BB-A1C0-D27C781D00A0}.Debug|x64.Deploy.0 = Debug|Any CPU
		{F3DE2A87-51D9-47BB-A1C0-D27C781D00A0}.Debug|x86.ActiveCfg = Debug|x86
		{F3DE2A87-51D9-47BB-A1C0-D27C781D00A0}.Debug|x86.Build.0 = Debug|x86
		{F3DE2A87-51D9-47BB-A1C0-D27C781D00A0}.Debug|x86.Deploy.0 = Debug|x86
		{F3DE2A87-51D9-47BB-A1C0-D27C781D00A0}.Release|Any CPU.ActiveCfg = Release|Any CPU
		{F3DE2A87-51D9-47BB-A1C0-D27C781D00A0}.Release|Any CPU.Build.0 = Release|Any CPU
		{F3DE2A87-51D9-47BB-A1C0-D27C781D00A0}.Release|Any CPU.Deploy.0 = Release|Any CPU
		{F3DE2A87-51D9-47BB-A1C0-D27C781D00A0}.Release|ARM.ActiveCfg = Release|ARM
		{F3DE2A87-51D9-47BB-A1C0-D27C781D00A0}.Release|ARM.Build.0 = Release|ARM
		{F3DE2A87-51D9-47BB-A1C0-D27C781D00A0}.Release|ARM.Deploy.0 = Release|ARM
		{F3DE2A87-51D9-47BB-A1C0-D27C781D00A0}.Release|iPhone.ActiveCfg = Release|Any CPU
		{F3DE2A87-51D9-47BB-A1C0-D27C781D00A0}.Release|iPhone.Build.0 = Release|Any CPU
		{F3DE2A87-51D9-47BB-A1C0-D27C781D00A0}.Release|iPhone.Deploy.0 = Release|Any CPU
		{F3DE2A87-51D9-47BB-A1C0-D27C781D00A0}.Release|iPhoneSimulator.ActiveCfg = Release|Any CPU
		{F3DE2A87-51D9-47BB-A1C0-D27C781D00A0}.Release|iPhoneSimulator.Build.0 = Release|Any CPU
		{F3DE2A87-51D9-47BB-A1C0-D27C781D00A0}.Release|iPhoneSimulator.Deploy.0 = Release|Any CPU
		{F3DE2A87-51D9-47BB-A1C0-D27C781D00A0}.Release|x64.ActiveCfg = Release|Any CPU
		{F3DE2A87-51D9-47BB-A1C0-D27C781D00A0}.Release|x64.Build.0 = Release|Any CPU
		{F3DE2A87-51D9-47BB-A1C0-D27C781D00A0}.Release|x64.Deploy.0 = Release|Any CPU
		{F3DE2A87-51D9-47BB-A1C0-D27C781D00A0}.Release|x86.ActiveCfg = Release|x86
		{F3DE2A87-51D9-47BB-A1C0-D27C781D00A0}.Release|x86.Build.0 = Release|x86
		{F3DE2A87-51D9-47BB-A1C0-D27C781D00A0}.Release|x86.Deploy.0 = Release|x86
		{52C3B22C-9170-498F-A52A-843F704131A6}.Ad-Hoc|Any CPU.ActiveCfg = Release|x86
		{52C3B22C-9170-498F-A52A-843F704131A6}.Ad-Hoc|Any CPU.Build.0 = Release|x86
		{52C3B22C-9170-498F-A52A-843F704131A6}.Ad-Hoc|Any CPU.Deploy.0 = Release|x86
		{52C3B22C-9170-498F-A52A-843F704131A6}.Ad-Hoc|ARM.ActiveCfg = Release|ARM
		{52C3B22C-9170-498F-A52A-843F704131A6}.Ad-Hoc|ARM.Build.0 = Release|ARM
		{52C3B22C-9170-498F-A52A-843F704131A6}.Ad-Hoc|ARM.Deploy.0 = Release|ARM
		{52C3B22C-9170-498F-A52A-843F704131A6}.Ad-Hoc|iPhone.ActiveCfg = Release|x86
		{52C3B22C-9170-498F-A52A-843F704131A6}.Ad-Hoc|iPhone.Build.0 = Release|x86
		{52C3B22C-9170-498F-A52A-843F704131A6}.Ad-Hoc|iPhone.Deploy.0 = Release|x86
		{52C3B22C-9170-498F-A52A-843F704131A6}.Ad-Hoc|iPhoneSimulator.ActiveCfg = Release|x86
		{52C3B22C-9170-498F-A52A-843F704131A6}.Ad-Hoc|iPhoneSimulator.Build.0 = Release|x86
		{52C3B22C-9170-498F-A52A-843F704131A6}.Ad-Hoc|iPhoneSimulator.Deploy.0 = Release|x86
		{52C3B22C-9170-498F-A52A-843F704131A6}.Ad-Hoc|x64.ActiveCfg = Release|x64
		{52C3B22C-9170-498F-A52A-843F704131A6}.Ad-Hoc|x64.Build.0 = Release|x64
		{52C3B22C-9170-498F-A52A-843F704131A6}.Ad-Hoc|x64.Deploy.0 = Release|x64
		{52C3B22C-9170-498F-A52A-843F704131A6}.Ad-Hoc|x86.ActiveCfg = Release|x86
		{52C3B22C-9170-498F-A52A-843F704131A6}.Ad-Hoc|x86.Build.0 = Release|x86
		{52C3B22C-9170-498F-A52A-843F704131A6}.Ad-Hoc|x86.Deploy.0 = Release|x86
		{52C3B22C-9170-498F-A52A-843F704131A6}.AppStore|Any CPU.ActiveCfg = Release|x86
		{52C3B22C-9170-498F-A52A-843F704131A6}.AppStore|Any CPU.Build.0 = Release|x86
		{52C3B22C-9170-498F-A52A-843F704131A6}.AppStore|Any CPU.Deploy.0 = Release|x86
		{52C3B22C-9170-498F-A52A-843F704131A6}.AppStore|ARM.ActiveCfg = Release|ARM
		{52C3B22C-9170-498F-A52A-843F704131A6}.AppStore|ARM.Build.0 = Release|ARM
		{52C3B22C-9170-498F-A52A-843F704131A6}.AppStore|ARM.Deploy.0 = Release|ARM
		{52C3B22C-9170-498F-A52A-843F704131A6}.AppStore|iPhone.ActiveCfg = Release|x86
		{52C3B22C-9170-498F-A52A-843F704131A6}.AppStore|iPhone.Build.0 = Release|x86
		{52C3B22C-9170-498F-A52A-843F704131A6}.AppStore|iPhone.Deploy.0 = Release|x86
		{52C3B22C-9170-498F-A52A-843F704131A6}.AppStore|iPhoneSimulator.ActiveCfg = Release|x86
		{52C3B22C-9170-498F-A52A-843F704131A6}.AppStore|iPhoneSimulator.Build.0 = Release|x86
		{52C3B22C-9170-498F-A52A-843F704131A6}.AppStore|iPhoneSimulator.Deploy.0 = Release|x86
		{52C3B22C-9170-498F-A52A-843F704131A6}.AppStore|x64.ActiveCfg = Release|x64
		{52C3B22C-9170-498F-A52A-843F704131A6}.AppStore|x64.Build.0 = Release|x64
		{52C3B22C-9170-498F-A52A-843F704131A6}.AppStore|x64.Deploy.0 = Release|x64
		{52C3B22C-9170-498F-A52A-843F704131A6}.AppStore|x86.ActiveCfg = Release|x86
		{52C3B22C-9170-498F-A52A-843F704131A6}.AppStore|x86.Build.0 = Release|x86
		{52C3B22C-9170-498F-A52A-843F704131A6}.AppStore|x86.Deploy.0 = Release|x86
		{52C3B22C-9170-498F-A52A-843F704131A6}.Debug|Any CPU.ActiveCfg = Debug|x86
		{52C3B22C-9170-498F-A52A-843F704131A6}.Debug|ARM.ActiveCfg = Debug|ARM
		{52C3B22C-9170-498F-A52A-843F704131A6}.Debug|ARM.Build.0 = Debug|ARM
		{52C3B22C-9170-498F-A52A-843F704131A6}.Debug|ARM.Deploy.0 = Debug|ARM
		{52C3B22C-9170-498F-A52A-843F704131A6}.Debug|iPhone.ActiveCfg = Debug|x86
		{52C3B22C-9170-498F-A52A-843F704131A6}.Debug|iPhoneSimulator.ActiveCfg = Debug|x86
		{52C3B22C-9170-498F-A52A-843F704131A6}.Debug|x64.ActiveCfg = Debug|x64
		{52C3B22C-9170-498F-A52A-843F704131A6}.Debug|x64.Build.0 = Debug|x64
		{52C3B22C-9170-498F-A52A-843F704131A6}.Debug|x64.Deploy.0 = Debug|x64
		{52C3B22C-9170-498F-A52A-843F704131A6}.Debug|x86.ActiveCfg = Debug|x86
		{52C3B22C-9170-498F-A52A-843F704131A6}.Debug|x86.Build.0 = Debug|x86
		{52C3B22C-9170-498F-A52A-843F704131A6}.Debug|x86.Deploy.0 = Debug|x86
		{52C3B22C-9170-498F-A52A-843F704131A6}.Release|Any CPU.ActiveCfg = Release|x86
		{52C3B22C-9170-498F-A52A-843F704131A6}.Release|ARM.ActiveCfg = Release|ARM
		{52C3B22C-9170-498F-A52A-843F704131A6}.Release|ARM.Build.0 = Release|ARM
		{52C3B22C-9170-498F-A52A-843F704131A6}.Release|ARM.Deploy.0 = Release|ARM
		{52C3B22C-9170-498F-A52A-843F704131A6}.Release|iPhone.ActiveCfg = Release|x86
		{52C3B22C-9170-498F-A52A-843F704131A6}.Release|iPhoneSimulator.ActiveCfg = Release|x86
		{52C3B22C-9170-498F-A52A-843F704131A6}.Release|x64.ActiveCfg = Release|x64
		{52C3B22C-9170-498F-A52A-843F704131A6}.Release|x64.Build.0 = Release|x64
		{52C3B22C-9170-498F-A52A-843F704131A6}.Release|x64.Deploy.0 = Release|x64
		{52C3B22C-9170-498F-A52A-843F704131A6}.Release|x86.ActiveCfg = Release|x86
		{52C3B22C-9170-498F-A52A-843F704131A6}.Release|x86.Build.0 = Release|x86
		{52C3B22C-9170-498F-A52A-843F704131A6}.Release|x86.Deploy.0 = Release|x86
		{8C9771F2-D575-4B37-BCF3-77B686B0EEE5}.Ad-Hoc|Any CPU.ActiveCfg = Release|Any CPU
		{8C9771F2-D575-4B37-BCF3-77B686B0EEE5}.Ad-Hoc|Any CPU.Build.0 = Release|Any CPU
		{8C9771F2-D575-4B37-BCF3-77B686B0EEE5}.Ad-Hoc|Any CPU.Deploy.0 = Release|Any CPU
		{8C9771F2-D575-4B37-BCF3-77B686B0EEE5}.Ad-Hoc|ARM.ActiveCfg = Release|ARM
		{8C9771F2-D575-4B37-BCF3-77B686B0EEE5}.Ad-Hoc|ARM.Build.0 = Release|ARM
		{8C9771F2-D575-4B37-BCF3-77B686B0EEE5}.Ad-Hoc|ARM.Deploy.0 = Release|ARM
		{8C9771F2-D575-4B37-BCF3-77B686B0EEE5}.Ad-Hoc|iPhone.ActiveCfg = Release|Any CPU
		{8C9771F2-D575-4B37-BCF3-77B686B0EEE5}.Ad-Hoc|iPhone.Build.0 = Release|Any CPU
		{8C9771F2-D575-4B37-BCF3-77B686B0EEE5}.Ad-Hoc|iPhone.Deploy.0 = Release|Any CPU
		{8C9771F2-D575-4B37-BCF3-77B686B0EEE5}.Ad-Hoc|iPhoneSimulator.ActiveCfg = Release|Any CPU
		{8C9771F2-D575-4B37-BCF3-77B686B0EEE5}.Ad-Hoc|iPhoneSimulator.Build.0 = Release|Any CPU
		{8C9771F2-D575-4B37-BCF3-77B686B0EEE5}.Ad-Hoc|iPhoneSimulator.Deploy.0 = Release|Any CPU
		{8C9771F2-D575-4B37-BCF3-77B686B0EEE5}.Ad-Hoc|x64.ActiveCfg = Release|x64
		{8C9771F2-D575-4B37-BCF3-77B686B0EEE5}.Ad-Hoc|x64.Build.0 = Release|x64
		{8C9771F2-D575-4B37-BCF3-77B686B0EEE5}.Ad-Hoc|x64.Deploy.0 = Release|x64
		{8C9771F2-D575-4B37-BCF3-77B686B0EEE5}.Ad-Hoc|x86.ActiveCfg = Release|x86
		{8C9771F2-D575-4B37-BCF3-77B686B0EEE5}.Ad-Hoc|x86.Build.0 = Release|x86
		{8C9771F2-D575-4B37-BCF3-77B686B0EEE5}.Ad-Hoc|x86.Deploy.0 = Release|x86
		{8C9771F2-D575-4B37-BCF3-77B686B0EEE5}.AppStore|Any CPU.ActiveCfg = Release|Any CPU
		{8C9771F2-D575-4B37-BCF3-77B686B0EEE5}.AppStore|Any CPU.Build.0 = Release|Any CPU
		{8C9771F2-D575-4B37-BCF3-77B686B0EEE5}.AppStore|Any CPU.Deploy.0 = Release|Any CPU
		{8C9771F2-D575-4B37-BCF3-77B686B0EEE5}.AppStore|ARM.ActiveCfg = Release|ARM
		{8C9771F2-D575-4B37-BCF3-77B686B0EEE5}.AppStore|ARM.Build.0 = Release|ARM
		{8C9771F2-D575-4B37-BCF3-77B686B0EEE5}.AppStore|ARM.Deploy.0 = Release|ARM
		{8C9771F2-D575-4B37-BCF3-77B686B0EEE5}.AppStore|iPhone.ActiveCfg = Release|Any CPU
		{8C9771F2-D575-4B37-BCF3-77B686B0EEE5}.AppStore|iPhone.Build.0 = Release|Any CPU
		{8C9771F2-D575-4B37-BCF3-77B686B0EEE5}.AppStore|iPhone.Deploy.0 = Release|Any CPU
		{8C9771F2-D575-4B37-BCF3-77B686B0EEE5}.AppStore|iPhoneSimulator.ActiveCfg = Release|Any CPU
		{8C9771F2-D575-4B37-BCF3-77B686B0EEE5}.AppStore|iPhoneSimulator.Build.0 = Release|Any CPU
		{8C9771F2-D575-4B37-BCF3-77B686B0EEE5}.AppStore|iPhoneSimulator.Deploy.0 = Release|Any CPU
		{8C9771F2-D575-4B37-BCF3-77B686B0EEE5}.AppStore|x64.ActiveCfg = Release|x64
		{8C9771F2-D575-4B37-BCF3-77B686B0EEE5}.AppStore|x64.Build.0 = Release|x64
		{8C9771F2-D575-4B37-BCF3-77B686B0EEE5}.AppStore|x64.Deploy.0 = Release|x64
		{8C9771F2-D575-4B37-BCF3-77B686B0EEE5}.AppStore|x86.ActiveCfg = Release|x86
		{8C9771F2-D575-4B37-BCF3-77B686B0EEE5}.AppStore|x86.Build.0 = Release|x86
		{8C9771F2-D575-4B37-BCF3-77B686B0EEE5}.AppStore|x86.Deploy.0 = Release|x86
		{8C9771F2-D575-4B37-BCF3-77B686B0EEE5}.Debug|Any CPU.ActiveCfg = Debug|Any CPU
		{8C9771F2-D575-4B37-BCF3-77B686B0EEE5}.Debug|Any CPU.Build.0 = Debug|Any CPU
		{8C9771F2-D575-4B37-BCF3-77B686B0EEE5}.Debug|Any CPU.Deploy.0 = Debug|Any CPU
		{8C9771F2-D575-4B37-BCF3-77B686B0EEE5}.Debug|ARM.ActiveCfg = Debug|ARM
		{8C9771F2-D575-4B37-BCF3-77B686B0EEE5}.Debug|ARM.Build.0 = Debug|ARM
		{8C9771F2-D575-4B37-BCF3-77B686B0EEE5}.Debug|ARM.Deploy.0 = Debug|ARM
		{8C9771F2-D575-4B37-BCF3-77B686B0EEE5}.Debug|iPhone.ActiveCfg = Debug|Any CPU
		{8C9771F2-D575-4B37-BCF3-77B686B0EEE5}.Debug|iPhone.Build.0 = Debug|Any CPU
		{8C9771F2-D575-4B37-BCF3-77B686B0EEE5}.Debug|iPhone.Deploy.0 = Debug|Any CPU
		{8C9771F2-D575-4B37-BCF3-77B686B0EEE5}.Debug|iPhoneSimulator.ActiveCfg = Debug|Any CPU
		{8C9771F2-D575-4B37-BCF3-77B686B0EEE5}.Debug|iPhoneSimulator.Build.0 = Debug|Any CPU
		{8C9771F2-D575-4B37-BCF3-77B686B0EEE5}.Debug|iPhoneSimulator.Deploy.0 = Debug|Any CPU
		{8C9771F2-D575-4B37-BCF3-77B686B0EEE5}.Debug|x64.ActiveCfg = Debug|x64
		{8C9771F2-D575-4B37-BCF3-77B686B0EEE5}.Debug|x64.Build.0 = Debug|x64
		{8C9771F2-D575-4B37-BCF3-77B686B0EEE5}.Debug|x64.Deploy.0 = Debug|x64
		{8C9771F2-D575-4B37-BCF3-77B686B0EEE5}.Debug|x86.ActiveCfg = Debug|x86
		{8C9771F2-D575-4B37-BCF3-77B686B0EEE5}.Debug|x86.Build.0 = Debug|x86
		{8C9771F2-D575-4B37-BCF3-77B686B0EEE5}.Debug|x86.Deploy.0 = Debug|x86
		{8C9771F2-D575-4B37-BCF3-77B686B0EEE5}.Release|Any CPU.ActiveCfg = Release|Any CPU
		{8C9771F2-D575-4B37-BCF3-77B686B0EEE5}.Release|Any CPU.Build.0 = Release|Any CPU
		{8C9771F2-D575-4B37-BCF3-77B686B0EEE5}.Release|Any CPU.Deploy.0 = Release|Any CPU
		{8C9771F2-D575-4B37-BCF3-77B686B0EEE5}.Release|ARM.ActiveCfg = Release|ARM
		{8C9771F2-D575-4B37-BCF3-77B686B0EEE5}.Release|ARM.Build.0 = Release|ARM
		{8C9771F2-D575-4B37-BCF3-77B686B0EEE5}.Release|ARM.Deploy.0 = Release|ARM
		{8C9771F2-D575-4B37-BCF3-77B686B0EEE5}.Release|iPhone.ActiveCfg = Release|Any CPU
		{8C9771F2-D575-4B37-BCF3-77B686B0EEE5}.Release|iPhone.Build.0 = Release|Any CPU
		{8C9771F2-D575-4B37-BCF3-77B686B0EEE5}.Release|iPhone.Deploy.0 = Release|Any CPU
		{8C9771F2-D575-4B37-BCF3-77B686B0EEE5}.Release|iPhoneSimulator.ActiveCfg = Release|Any CPU
		{8C9771F2-D575-4B37-BCF3-77B686B0EEE5}.Release|iPhoneSimulator.Build.0 = Release|Any CPU
		{8C9771F2-D575-4B37-BCF3-77B686B0EEE5}.Release|iPhoneSimulator.Deploy.0 = Release|Any CPU
		{8C9771F2-D575-4B37-BCF3-77B686B0EEE5}.Release|x64.ActiveCfg = Release|x64
		{8C9771F2-D575-4B37-BCF3-77B686B0EEE5}.Release|x64.Build.0 = Release|x64
		{8C9771F2-D575-4B37-BCF3-77B686B0EEE5}.Release|x64.Deploy.0 = Release|x64
		{8C9771F2-D575-4B37-BCF3-77B686B0EEE5}.Release|x86.ActiveCfg = Release|x86
		{8C9771F2-D575-4B37-BCF3-77B686B0EEE5}.Release|x86.Build.0 = Release|x86
		{8C9771F2-D575-4B37-BCF3-77B686B0EEE5}.Release|x86.Deploy.0 = Release|x86
	EndGlobalSection
	GlobalSection(SolutionProperties) = preSolution
		HideSolutionNode = FALSE
	EndGlobalSection
EndGlobal
